
Microsoft Visual Studio Solution File, Format Version 12.00
# Visual Studio Version 16
VisualStudioVersion = 16.0.31205.134
MinimumVisualStudioVersion = 10.0.40219.1
Project("{FAE04EC0-301F-11D3-BF4B-00C04F79EFBC}") = "ToDoList", "ToDoList\ToDoList.csproj", "{BBDA38BE-4609-4AD7-8FC2-F8222AE9E412}"
EndProject
Global
	GlobalSection(SolutionConfigurationPlatforms) = preSolution
		Debug|Any CPU = Debug|Any CPU
		Release|Any CPU = Release|Any CPU
	EndGlobalSection
	GlobalSection(ProjectConfigurationPlatforms) = postSolution
		{BBDA38BE-4609-4AD7-8FC2-F8222AE9E412}.Debug|Any CPU.ActiveCfg = Debug|Any CPU
		{BBDA38BE-4609-4AD7-8FC2-F8222AE9E412}.Debug|Any CPU.Build.0 = Debug|Any CPU
		{BBDA38BE-4609-4AD7-8FC2-F8222AE9E412}.Release|Any CPU.ActiveCfg = Release|Any CPU
		{BBDA38BE-4609-4AD7-8FC2-F8222AE9E412}.Release|Any CPU.Build.0 = Release|Any CPU
	EndGlobalSection
	GlobalSection(SolutionProperties) = preSolution
		HideSolutionNode = FALSE
	EndGlobalSection
	GlobalSection(ExtensibilityGlobals) = postSolution
		SolutionGuid = {C5411C26-FEFD-4128-9BF2-5D30E8D507AD}
	EndGlobalSection
EndGlobal
